
Microsoft Visual Studio Solution File, Format Version 12.00
# Visual Studio Version 16
VisualStudioVersion = 16.0.31402.337
MinimumVisualStudioVersion = 10.0.40219.1
Project("{9A19103F-16F7-4668-BE54-9A1E7A4F7556}") = "cli", "cli\cli.csproj", "{0C3EBD61-59BB-4966-B248-7792662DAF7D}"
	ProjectSection(ProjectDependencies) = postProject
		{E00DA908-FFFB-45F9-81EF-8891366A32E1} = {E00DA908-FFFB-45F9-81EF-8891366A32E1}
		{0B868315-971D-4EC2-9853-5D103F14C034} = {0B868315-971D-4EC2-9853-5D103F14C034}
		{68B2561E-B0FC-414B-BFB1-C79A2B119FCE} = {68B2561E-B0FC-414B-BFB1-C79A2B119FCE}
		{F5A81555-5C84-47F8-85C0-8392A1D8074E} = {F5A81555-5C84-47F8-85C0-8392A1D8074E}
		{AA0DE0B0-77E7-4B0D-B98D-D1027A4CC3C4} = {AA0DE0B0-77E7-4B0D-B98D-D1027A4CC3C4}
		{E82A4FD9-7778-4D46-99CA-AC1433753785} = {E82A4FD9-7778-4D46-99CA-AC1433753785}
		{47546BF0-BD31-47BA-87B7-2D9EFC7B5E8E} = {47546BF0-BD31-47BA-87B7-2D9EFC7B5E8E}
	EndProjectSection
EndProject
Project("{9A19103F-16F7-4668-BE54-9A1E7A4F7556}") = "apigw", "apigw\apigw.csproj", "{E82A4FD9-7778-4D46-99CA-AC1433753785}"
EndProject
Project("{9A19103F-16F7-4668-BE54-9A1E7A4F7556}") = "pet", "pet\pet.csproj", "{47546BF0-BD31-47BA-87B7-2D9EFC7B5E8E}"
EndProject
Project("{9A19103F-16F7-4668-BE54-9A1E7A4F7556}") = "cat", "cat\cat.csproj", "{F5A81555-5C84-47F8-85C0-8392A1D8074E}"
EndProject
Project("{9A19103F-16F7-4668-BE54-9A1E7A4F7556}") = "dog", "dog\dog.csproj", "{AA0DE0B0-77E7-4B0D-B98D-D1027A4CC3C4}"
EndProject
Project("{9A19103F-16F7-4668-BE54-9A1E7A4F7556}") = "sterilization", "sterilization\sterilization.csproj", "{E00DA908-FFFB-45F9-81EF-8891366A32E1}"
EndProject
Project("{9A19103F-16F7-4668-BE54-9A1E7A4F7556}") = "vaccination", "vaccination\vaccination.csproj", "{0B868315-971D-4EC2-9853-5D103F14C034}"
EndProject
Project("{9A19103F-16F7-4668-BE54-9A1E7A4F7556}") = "grooming", "grooming\grooming.csproj", "{68B2561E-B0FC-414B-BFB1-C79A2B119FCE}"
EndProject
Global
	GlobalSection(SolutionConfigurationPlatforms) = preSolution
		Debug|Any CPU = Debug|Any CPU
		Release|Any CPU = Release|Any CPU
	EndGlobalSection
	GlobalSection(ProjectConfigurationPlatforms) = postSolution
		{0C3EBD61-59BB-4966-B248-7792662DAF7D}.Debug|Any CPU.ActiveCfg = Debug|Any CPU
		{0C3EBD61-59BB-4966-B248-7792662DAF7D}.Debug|Any CPU.Build.0 = Debug|Any CPU
		{0C3EBD61-59BB-4966-B248-7792662DAF7D}.Release|Any CPU.ActiveCfg = Release|Any CPU
		{0C3EBD61-59BB-4966-B248-7792662DAF7D}.Release|Any CPU.Build.0 = Release|Any CPU
		{E82A4FD9-7778-4D46-99CA-AC1433753785}.Debug|Any CPU.ActiveCfg = Debug|Any CPU
		{E82A4FD9-7778-4D46-99CA-AC1433753785}.Debug|Any CPU.Build.0 = Debug|Any CPU
		{E82A4FD9-7778-4D46-99CA-AC1433753785}.Release|Any CPU.ActiveCfg = Release|Any CPU
		{E82A4FD9-7778-4D46-99CA-AC1433753785}.Release|Any CPU.Build.0 = Release|Any CPU
		{47546BF0-BD31-47BA-87B7-2D9EFC7B5E8E}.Debug|Any CPU.ActiveCfg = Debug|Any CPU
		{47546BF0-BD31-47BA-87B7-2D9EFC7B5E8E}.Debug|Any CPU.Build.0 = Debug|Any CPU
		{47546BF0-BD31-47BA-87B7-2D9EFC7B5E8E}.Release|Any CPU.ActiveCfg = Release|Any CPU
		{47546BF0-BD31-47BA-87B7-2D9EFC7B5E8E}.Release|Any CPU.Build.0 = Release|Any CPU
		{F5A81555-5C84-47F8-85C0-8392A1D8074E}.Debug|Any CPU.ActiveCfg = Debug|Any CPU
		{F5A81555-5C84-47F8-85C0-8392A1D8074E}.Debug|Any CPU.Build.0 = Debug|Any CPU
		{F5A81555-5C84-47F8-85C0-8392A1D8074E}.Release|Any CPU.ActiveCfg = Release|Any CPU
		{F5A81555-5C84-47F8-85C0-8392A1D8074E}.Release|Any CPU.Build.0 = Release|Any CPU
		{AA0DE0B0-77E7-4B0D-B98D-D1027A4CC3C4}.Debug|Any CPU.ActiveCfg = Debug|Any CPU
		{AA0DE0B0-77E7-4B0D-B98D-D1027A4CC3C4}.Debug|Any CPU.Build.0 = Debug|Any CPU
		{AA0DE0B0-77E7-4B0D-B98D-D1027A4CC3C4}.Release|Any CPU.ActiveCfg = Release|Any CPU
		{AA0DE0B0-77E7-4B0D-B98D-D1027A4CC3C4}.Release|Any CPU.Build.0 = Release|Any CPU
		{E00DA908-FFFB-45F9-81EF-8891366A32E1}.Debug|Any CPU.ActiveCfg = Debug|Any CPU
		{E00DA908-FFFB-45F9-81EF-8891366A32E1}.Debug|Any CPU.Build.0 = Debug|Any CPU
		{E00DA908-FFFB-45F9-81EF-8891366A32E1}.Release|Any CPU.ActiveCfg = Release|Any CPU
		{E00DA908-FFFB-45F9-81EF-8891366A32E1}.Release|Any CPU.Build.0 = Release|Any CPU
		{0B868315-971D-4EC2-9853-5D103F14C034}.Debug|Any CPU.ActiveCfg = Debug|Any CPU
		{0B868315-971D-4EC2-9853-5D103F14C034}.Debug|Any CPU.Build.0 = Debug|Any CPU
		{0B868315-971D-4EC2-9853-5D103F14C034}.Release|Any CPU.ActiveCfg = Release|Any CPU
		{0B868315-971D-4EC2-9853-5D103F14C034}.Release|Any CPU.Build.0 = Release|Any CPU
		{68B2561E-B0FC-414B-BFB1-C79A2B119FCE}.Debug|Any CPU.ActiveCfg = Debug|Any CPU
		{68B2561E-B0FC-414B-BFB1-C79A2B119FCE}.Debug|Any CPU.Build.0 = Debug|Any CPU
		{68B2561E-B0FC-414B-BFB1-C79A2B119FCE}.Release|Any CPU.ActiveCfg = Release|Any CPU
		{68B2561E-B0FC-414B-BFB1-C79A2B119FCE}.Release|Any CPU.Build.0 = Release|Any CPU
	EndGlobalSection
	GlobalSection(SolutionProperties) = preSolution
		HideSolutionNode = FALSE
	EndGlobalSection
	GlobalSection(ExtensibilityGlobals) = postSolution
		SolutionGuid = {08C589B9-9C4F-47D9-BD9F-661463A9A9FC}
	EndGlobalSection
EndGlobal
